<?xml version="1.0" encoding="utf-8"?>
<Project ToolsVersion="4.0" xmlns="http://schemas.microsoft.com/developer/msbuild/2003">
  <ItemGroup>
    <Filter Include="Source Files">
      <UniqueIdentifier>{4FC737F1-C7A5-4376-A066-2A32D752A2FF}</UniqueIdentifier>
      <Extensions>cpp;c;cc;cxx;def;odl;idl;hpj;bat;asm;asmx</Extensions>
    </Filter>
    <Filter Include="Header Files">
      <UniqueIdentifier>{93995380-89BD-4b04-88EB-625FBE52EBFB}</UniqueIdentifier>
      <Extensions>h;hh;hpp;hxx;hm;inl;inc;xsd</Extensions>
    </Filter>
    <Filter Include="Resource Files">
      <UniqueIdentifier>{67DA6AB6-F800-4c08-8B7A-83BB121AAD01}</UniqueIdentifier>
      <Extensions>rc;ico;cur;bmp;dlg;rc2;rct;bin;rgs;gif;jpg;jpeg;jpe;resx;tiff;tif;png;wav;mfcribbon-ms</Extensions>
    </Filter>
    <Filter Include="Header Files\extlibs">
      <UniqueIdentifier>{68cd3dd4-2645-475b-93f3-90d173459bde}</UniqueIdentifier>
    </Filter>
    <Filter Include="Header Files\extlibs\filesystem">
      <UniqueIdentifier>{1c3d96c3-fe44-4902-8f0f-9def60e8a0ae}</UniqueIdentifier>
    </Filter>
    <Filter Include="Header Files\Core">
      <UniqueIdentifier>{ec6de44a-ffb2-4d28-8f76-02055b421787}</UniqueIdentifier>
    </Filter>
    <Filter Include="Source Files\Core">
      <UniqueIdentifier>{42dd2f15-a67f-49e3-a699-2d6cf70ba50f}</UniqueIdentifier>
    </Filter>
    <Filter Include="Header Files\Debug">
      <UniqueIdentifier>{428ca5e7-0579-47da-acdc-902c22f22d2f}</UniqueIdentifier>
    </Filter>
    <Filter Include="Source Files\Debug">
      <UniqueIdentifier>{0bc0475f-8f27-4362-acad-7a3b4beec6f9}</UniqueIdentifier>
    </Filter>
    <Filter Include="Header Files\Utils">
      <UniqueIdentifier>{72bab04d-94fd-43f1-baf1-01a53dfd9561}</UniqueIdentifier>
    </Filter>
    <Filter Include="Header Files\Workers">
      <UniqueIdentifier>{a937853e-1773-47fe-82af-5cfedcf33da0}</UniqueIdentifier>
    </Filter>
    <Filter Include="Source Files\Workers">
      <UniqueIdentifier>{353a60ef-b2d1-4806-9295-8a621223eeb7}</UniqueIdentifier>
    </Filter>
    <Filter Include="Header Files\Building">
      <UniqueIdentifier>{1c0ee7b7-be6c-4c61-879c-195e63ba8aa9}</UniqueIdentifier>
    </Filter>
    <Filter Include="Source Files\Building">
      <UniqueIdentifier>{f5e3b230-e1f9-45d3-981d-14b32b8554ca}</UniqueIdentifier>
    </Filter>
    <Filter Include="Source Files\Task">
      <UniqueIdentifier>{12f1d4d2-3299-4769-93f3-89ec6ab00d63}</UniqueIdentifier>
    </Filter>
    <Filter Include="Header Files\Battle">
      <UniqueIdentifier>{44ca3617-aaa2-45c7-94d8-e0c3c6158e98}</UniqueIdentifier>
    </Filter>
    <Filter Include="Source Files\Battle">
      <UniqueIdentifier>{3b5a321f-5d0c-4bfd-ab9e-f8aff9ce4ed6}</UniqueIdentifier>
    </Filter>
    <Filter Include="Header Files\Meta">
      <UniqueIdentifier>{0665c672-516e-4782-8782-ea98b905e6fb}</UniqueIdentifier>
    </Filter>
    <Filter Include="Source Files\Meta">
      <UniqueIdentifier>{f4583b74-5f36-4806-bb47-84b391ca6ee3}</UniqueIdentifier>
    </Filter>
    <Filter Include="Source Files\Utils">
      <UniqueIdentifier>{76dc8786-ef63-4bb4-b7b8-a92d5bcc5826}</UniqueIdentifier>
    </Filter>
    <Filter Include="Header Files\Commander">
      <UniqueIdentifier>{e01e49e4-37d5-4550-8755-0275f80b6a63}</UniqueIdentifier>
    </Filter>
    <Filter Include="Source Files\Commander">
      <UniqueIdentifier>{20eba056-94ff-484c-8d52-ad3a730d59ad}</UniqueIdentifier>
    </Filter>
    <Filter Include="Header Files\Map">
      <UniqueIdentifier>{15d835d6-cd37-408e-a83d-ab42087f55cb}</UniqueIdentifier>
    </Filter>
    <Filter Include="Source Files\Resources">
      <UniqueIdentifier>{fd4e030f-fbef-4642-b3a5-5880b2fdcbd7}</UniqueIdentifier>
    </Filter>
    <Filter Include="Header Files\ResourcesAndMap">
      <UniqueIdentifier>{45c7ec9c-82eb-467c-a247-782321b1ab12}</UniqueIdentifier>
    </Filter>
    <Filter Include="Header Files\MapAnalisis">
      <UniqueIdentifier>{bc3f47ee-4f7a-4809-8084-6dedb6a01919}</UniqueIdentifier>
    </Filter>
    <Filter Include="Header Files\Utils\Function">
      <UniqueIdentifier>{412a4a55-a860-4a3d-8bbd-69e4cf6a408c}</UniqueIdentifier>
    </Filter>
  </ItemGroup>
  <ItemGroup>
    <ClCompile Include="Dll.cpp">
      <Filter>Source Files</Filter>
    </ClCompile>
    <ClCompile Include="UnitManager.cpp">
      <Filter>Source Files</Filter>
    </ClCompile>
    <ClCompile Include="Log.cpp">
      <Filter>Source Files\Debug</Filter>
    </ClCompile>
    <ClCompile Include="Exception.cpp">
      <Filter>Source Files\Debug</Filter>
    </ClCompile>
    <ClCompile Include="Assert.cpp">
      <Filter>Source Files\Debug</Filter>
    </ClCompile>
    <ClCompile Include="Self.cpp">
      <Filter>Source Files\Core</Filter>
    </ClCompile>
    <ClCompile Include="WorkersInfo.cpp">
      <Filter>Source Files\Workers</Filter>
    </ClCompile>
    <ClCompile Include="WorkerUnit.cpp">
      <Filter>Source Files\Workers</Filter>
    </ClCompile>
    <ClCompile Include="Base.cpp">
      <Filter>Source Files\Building</Filter>
    </ClCompile>
    <ClCompile Include="BaseManager.cpp">
      <Filter>Source Files\Building</Filter>
    </ClCompile>
    <ClCompile Include="QueueJob.cpp">
      <Filter>Source Files\Task</Filter>
    </ClCompile>
    <ClCompile Include="PriorityQueue.cpp">
      <Filter>Source Files\Task</Filter>
    </ClCompile>
    <ClCompile Include="BuildOrder.cpp">
      <Filter>Source Files\Task</Filter>
    </ClCompile>
    <ClCompile Include="BuildJob.cpp">
      <Filter>Source Files\Task</Filter>
    </ClCompile>
    <ClCompile Include="Metamap.cpp">
      <Filter>Source Files\Meta</Filter>
    </ClCompile>
    <ClCompile Include="MetaType.cpp">
      <Filter>Source Files\Meta</Filter>
    </ClCompile>
    <ClCompile Include="Math.cpp">
      <Filter>Source Files\Utils</Filter>
    </ClCompile>
    <ClCompile Include="Commander.cpp">
      <Filter>Source Files\Commander</Filter>
    </ClCompile>
    <ClCompile Include="BuildingManager.cpp">
      <Filter>Source Files\Building</Filter>
    </ClCompile>
    <ClCompile Include="ResourcesArea.cpp">
      <Filter>Source Files\Resources</Filter>
    </ClCompile>
    <ClCompile Include="Resources.cpp">
      <Filter>Source Files\Resources</Filter>
    </ClCompile>
    <ClCompile Include="ResourcesAreaManager.cpp">
      <Filter>Source Files\Resources</Filter>
    </ClCompile>
    <ClCompile Include="Utils.cpp">
      <Filter>Source Files\Utils</Filter>
    </ClCompile>
    <ClCompile Include="Rect.cpp">
      <Filter>Source Files\Utils</Filter>
    </ClCompile>
    <ClCompile Include="Bounds.cpp">
      <Filter>Source Files\Utils</Filter>
    </ClCompile>
    <ClCompile Include="BuildManager.cpp">
      <Filter>Source Files\Building</Filter>
    </ClCompile>
    <ClCompile Include="Building.cpp">
      <Filter>Source Files\Building</Filter>
    </ClCompile>
    <ClCompile Include="BuildingInfo.cpp">
      <Filter>Source Files\Building</Filter>
    </ClCompile>
    <ClCompile Include="TerrainAnalyzer.cpp">
      <Filter>Source Files\Resources</Filter>
    </ClCompile>
    <ClCompile Include="ActionContainer.cpp">
      <Filter>Source Files\Commander</Filter>
    </ClCompile>
    <ClCompile Include="BuildingPlan.cpp">
      <Filter>Source Files\Building</Filter>
    </ClCompile>
    <ClCompile Include="OdarichAIModule.cpp">
      <Filter>Source Files\Core</Filter>
    </ClCompile>
    <ClCompile Include="TaskCommons.cpp">
      <Filter>Source Files\Resources</Filter>
    </ClCompile>
    <ClCompile Include="TacticalData.cpp">
      <Filter>Source Files\Commander</Filter>
    </ClCompile>
    <ClCompile Include="MicoCommands.cpp">
      <Filter>Source Files\Commander</Filter>
    </ClCompile>
    <ClCompile Include="Draw.cpp">
      <Filter>Source Files\Utils</Filter>
    </ClCompile>
    <ClCompile Include="ActionBuild.cpp">
      <Filter>Source Files\Commander</Filter>
    </ClCompile>
    <ClCompile Include="Action.cpp">
      <Filter>Source Files\Commander</Filter>
    </ClCompile>
    <ClCompile Include="ActionCommand.cpp">
      <Filter>Source Files\Commander</Filter>
    </ClCompile>
    <ClCompile Include="Timer.cpp">
      <Filter>Source Files\Debug</Filter>
    </ClCompile>
    <ClCompile Include="Strategy.cpp">
      <Filter>Source Files\Commander</Filter>
    </ClCompile>
    <ClCompile Include="ScoutManager.cpp">
      <Filter>Source Files\Commander</Filter>
    </ClCompile>
    <ClCompile Include="WorkersManager.cpp">
      <Filter>Source Files\Workers</Filter>
    </ClCompile>
  </ItemGroup>
  <ItemGroup>
    <ClInclude Include="UnitJob.h">
      <Filter>Header Files</Filter>
    </ClInclude>
    <ClInclude Include="filesystem\fwd.h">
      <Filter>Header Files\extlibs\filesystem</Filter>
    </ClInclude>
    <ClInclude Include="filesystem\path.h">
      <Filter>Header Files\extlibs\filesystem</Filter>
    </ClInclude>
    <ClInclude Include="filesystem\resolver.h">
      <Filter>Header Files\extlibs\filesystem</Filter>
    </ClInclude>
    <ClInclude Include="UnitManager.h">
      <Filter>Header Files</Filter>
    </ClInclude>
    <ClInclude Include="Log.h">
      <Filter>Header Files\Debug</Filter>
    </ClInclude>
    <ClInclude Include="Assert.h">
      <Filter>Header Files\Debug</Filter>
    </ClInclude>
    <ClInclude Include="Exception.h">
      <Filter>Header Files\Debug</Filter>
    </ClInclude>
    <ClInclude Include="Self.h">
      <Filter>Header Files\Core</Filter>
    </ClInclude>
    <ClInclude Include="Commons.h">
      <Filter>Header Files\Core</Filter>
    </ClInclude>
    <ClInclude Include="Singleton.hpp">
      <Filter>Header Files\Utils</Filter>
    </ClInclude>
    <ClInclude Include="WorkersInfo.h">
      <Filter>Header Files\Workers</Filter>
    </ClInclude>
    <ClInclude Include="Base.h">
      <Filter>Header Files\Building</Filter>
    </ClInclude>
    <ClInclude Include="BaseManager.h">
      <Filter>Header Files\Building</Filter>
    </ClInclude>
    <ClInclude Include="TaskType.h">
      <Filter>Header Files\Map</Filter>
    </ClInclude>
    <ClInclude Include="Types.h">
      <Filter>Header Files\Core</Filter>
    </ClInclude>
    <ClInclude Include="BuildingInfo.h">
      <Filter>Header Files\Building</Filter>
    </ClInclude>
    <ClInclude Include="Squad.h">
      <Filter>Header Files\Battle</Filter>
    </ClInclude>
    <ClInclude Include="MetaType.h">
      <Filter>Header Files\Meta</Filter>
    </ClInclude>
    <ClInclude Include="Math.h">
      <Filter>Header Files\Utils</Filter>
    </ClInclude>
    <ClInclude Include="Commander.h">
      <Filter>Header Files\Commander</Filter>
    </ClInclude>
    <ClInclude Include="BuildingManager.h">
      <Filter>Header Files\Building</Filter>
    </ClInclude>
    <ClInclude Include="BuildJob.h">
      <Filter>Header Files\Building</Filter>
    </ClInclude>
    <ClInclude Include="BuildOrder.h">
      <Filter>Header Files\Building</Filter>
    </ClInclude>
    <ClInclude Include="PriorityQueue.h">
      <Filter>Header Files\Building</Filter>
    </ClInclude>
    <ClInclude Include="QueueJob.h">
      <Filter>Header Files\Building</Filter>
    </ClInclude>
    <ClInclude Include="QueueConditions.h">
      <Filter>Header Files\Building</Filter>
    </ClInclude>
    <ClInclude Include="Building.h">
      <Filter>Header Files\Building</Filter>
    </ClInclude>
    <ClInclude Include="ResourcesArea.h">
      <Filter>Header Files\ResourcesAndMap</Filter>
    </ClInclude>
    <ClInclude Include="Resources.h">
      <Filter>Header Files\ResourcesAndMap</Filter>
    </ClInclude>
    <ClInclude Include="Utils.h">
      <Filter>Header Files\Utils</Filter>
    </ClInclude>
    <ClInclude Include="Rect.h">
      <Filter>Header Files\Utils</Filter>
    </ClInclude>
    <ClInclude Include="Vector2.h">
      <Filter>Header Files\Utils</Filter>
    </ClInclude>
    <ClInclude Include="Bounds.h">
      <Filter>Header Files\Utils</Filter>
    </ClInclude>
    <ClInclude Include="ActionContainer.h">
      <Filter>Header Files\Commander</Filter>
    </ClInclude>
    <ClInclude Include="BuildManager.h">
      <Filter>Header Files\Building</Filter>
    </ClInclude>
    <ClInclude Include="BuildingPlan.h">
      <Filter>Header Files\Building</Filter>
    </ClInclude>
    <ClInclude Include="TaskCommons.h">
      <Filter>Header Files\ResourcesAndMap</Filter>
    </ClInclude>
    <ClInclude Include="OdarichAIModule.h">
      <Filter>Header Files\Core</Filter>
    </ClInclude>
    <ClInclude Include="TerrainAnalyzer.h">
      <Filter>Header Files\MapAnalisis</Filter>
    </ClInclude>
    <ClInclude Include="ResourcesAreaManager.h">
      <Filter>Header Files\MapAnalisis</Filter>
    </ClInclude>
    <ClInclude Include="PathFinding.h">
      <Filter>Header Files\MapAnalisis</Filter>
    </ClInclude>
    <ClInclude Include="Region.h">
      <Filter>Header Files\MapAnalisis</Filter>
    </ClInclude>
    <ClInclude Include="ChokePoint.h">
      <Filter>Header Files\MapAnalisis</Filter>
    </ClInclude>
    <ClInclude Include="TacticalData.h">
      <Filter>Header Files\Commander</Filter>
    </ClInclude>
    <ClInclude Include="MicroCommands.h">
      <Filter>Header Files\Commander</Filter>
    </ClInclude>
    <ClInclude Include="Draw.h">
      <Filter>Header Files\Utils</Filter>
    </ClInclude>
    <ClInclude Include="Strategy.h">
      <Filter>Header Files\Commander</Filter>
    </ClInclude>
    <ClInclude Include="Meta.h">
      <Filter>Header Files\Meta</Filter>
    </ClInclude>
    <ClInclude Include="ActionTracker.h">
      <Filter>Header Files\Commander</Filter>
    </ClInclude>
    <ClInclude Include="ActionCommand.h">
      <Filter>Header Files\Commander</Filter>
    </ClInclude>
    <ClInclude Include="ActionBuild.h">
      <Filter>Header Files\Commander</Filter>
    </ClInclude>
    <ClInclude Include="Action.h">
      <Filter>Header Files\Commander</Filter>
    </ClInclude>
    <ClInclude Include="Timer.h">
      <Filter>Header Files\Debug</Filter>
    </ClInclude>
    <ClInclude Include="FunctionTraits.h">
      <Filter>Header Files\Utils\Function</Filter>
    </ClInclude>
    <ClInclude Include="Property.h">
      <Filter>Header Files\Utils\Function</Filter>
    </ClInclude>
    <ClInclude Include="Any.h">
      <Filter>Header Files\Utils\Function</Filter>
    </ClInclude>
    <ClInclude Include="Worker.h">
      <Filter>Header Files\Workers</Filter>
    </ClInclude>
    <ClInclude Include="WorkersManager.h">
      <Filter>Header Files\Workers</Filter>
    </ClInclude>
    <ClInclude Include="ScoutManager.h">
      <Filter>Header Files\Commander</Filter>
    </ClInclude>
    <ClInclude Include="CountContainer.h">
      <Filter>Header Files\Utils</Filter>
    </ClInclude>
  </ItemGroup>
  <ItemGroup>
    <None Include="Vector2.inl">
      <Filter>Header Files\Utils</Filter>
    </None>
  </ItemGroup>
</Project>